
Microsoft Visual Studio Solution File, Format Version 12.00
# Visual Studio Version 17
VisualStudioVersion = 17.3.32929.385
MinimumVisualStudioVersion = 10.0.40219.1
Project("{FAE04EC0-301F-11D3-BF4B-00C04F79EFBC}") = "bibliotka", "bibliotka\bibliotka.csproj", "{18B94602-D3FC-4FC9-B49E-BF79C5353E30}"
EndProject
Global
	GlobalSection(SolutionConfigurationPlatforms) = preSolution
		Debug|Any CPU = Debug|Any CPU
		Release|Any CPU = Release|Any CPU
	EndGlobalSection
	GlobalSection(ProjectConfigurationPlatforms) = postSolution
		{18B94602-D3FC-4FC9-B49E-BF79C5353E30}.Debug|Any CPU.ActiveCfg = Debug|Any CPU
		{18B94602-D3FC-4FC9-B49E-BF79C5353E30}.Debug|Any CPU.Build.0 = Debug|Any CPU
		{18B94602-D3FC-4FC9-B49E-BF79C5353E30}.Release|Any CPU.ActiveCfg = Release|Any CPU
		{18B94602-D3FC-4FC9-B49E-BF79C5353E30}.Release|Any CPU.Build.0 = Release|Any CPU
	EndGlobalSection
	GlobalSection(SolutionProperties) = preSolution
		HideSolutionNode = FALSE
	EndGlobalSection
	GlobalSection(ExtensibilityGlobals) = postSolution
		SolutionGuid = {77350AA9-492D-48B2-83A7-D1706863FA8C}
	EndGlobalSection
EndGlobal
